
Microsoft Visual Studio Solution File, Format Version 12.00
# Visual Studio 15
VisualStudioVersion = 15.0.26730.12
MinimumVisualStudioVersion = 10.0.40219.1
Project("{E24C65DC-7377-472B-9ABA-BC803B73C61A}") = "exportexcel", ".", "{954365E7-2568-4350-9FD9-5E3EED701890}"
	ProjectSection(WebsiteProperties) = preProject
		TargetFrameworkMoniker = ".NETFramework,Version%3Dv4.0"
		Debug.AspNetCompiler.VirtualPath = "/localhost_64249"
		Debug.AspNetCompiler.PhysicalPath = "..\exportexcel\"
		Debug.AspNetCompiler.TargetPath = "PrecompiledWeb\localhost_64249\"
		Debug.AspNetCompiler.Updateable = "true"
		Debug.AspNetCompiler.ForceOverwrite = "true"
		Debug.AspNetCompiler.FixedNames = "false"
		Debug.AspNetCompiler.Debug = "True"
		Release.AspNetCompiler.VirtualPath = "/localhost_64249"
		Release.AspNetCompiler.PhysicalPath = "..\exportexcel\"
		Release.AspNetCompiler.TargetPath = "PrecompiledWeb\localhost_64249\"
		Release.AspNetCompiler.Updateable = "true"
		Release.AspNetCompiler.ForceOverwrite = "true"
		Release.AspNetCompiler.FixedNames = "false"
		Release.AspNetCompiler.Debug = "False"
		VWDPort = "64249"
		SlnRelativePath = "..\exportexcel\"
	EndProjectSection
EndProject
Global
	GlobalSection(SolutionConfigurationPlatforms) = preSolution
		Debug|Any CPU = Debug|Any CPU
	EndGlobalSection
	GlobalSection(ProjectConfigurationPlatforms) = postSolution
		{954365E7-2568-4350-9FD9-5E3EED701890}.Debug|Any CPU.ActiveCfg = Debug|Any CPU
		{954365E7-2568-4350-9FD9-5E3EED701890}.Debug|Any CPU.Build.0 = Debug|Any CPU
	EndGlobalSection
	GlobalSection(SolutionProperties) = preSolution
		HideSolutionNode = FALSE
	EndGlobalSection
	GlobalSection(ExtensibilityGlobals) = postSolution
		SolutionGuid = {8AEFD50B-5D36-4CF4-A3CE-09A60FBAEA5E}
	EndGlobalSection
EndGlobal
